
Microsoft Visual Studio Solution File, Format Version 12.00
# Visual Studio Version 16
VisualStudioVersion = 16.0.30711.63
MinimumVisualStudioVersion = 10.0.40219.1
Project("{9A19103F-16F7-4668-BE54-9A1E7A4F7556}") = "ListaTelefonicaAPI", "ListaTelefonicaAPI\ListaTelefonicaAPI.csproj", "{850BBE89-26A1-49B1-8163-6EB492655658}"
EndProject
Project("{9A19103F-16F7-4668-BE54-9A1E7A4F7556}") = "ListaTelefonicaWeb", "ListaTelefonicaWeb\ListaTelefonicaWeb.csproj", "{BF561FE6-9446-4C6B-BDF7-3B22166FF2A1}"
EndProject
Project("{2150E333-8FDC-42A3-9474-1A3956D46DE8}") = "Solution Items", "Solution Items", "{D0EE5507-4695-4079-BF3F-4B82A51B6CDF}"
	ProjectSection(SolutionItems) = preProject
		.filenesting.json = .filenesting.json
	EndProjectSection
EndProject
Global
	GlobalSection(SolutionConfigurationPlatforms) = preSolution
		Debug|Any CPU = Debug|Any CPU
		Release|Any CPU = Release|Any CPU
	EndGlobalSection
	GlobalSection(ProjectConfigurationPlatforms) = postSolution
		{850BBE89-26A1-49B1-8163-6EB492655658}.Debug|Any CPU.ActiveCfg = Debug|Any CPU
		{850BBE89-26A1-49B1-8163-6EB492655658}.Debug|Any CPU.Build.0 = Debug|Any CPU
		{850BBE89-26A1-49B1-8163-6EB492655658}.Release|Any CPU.ActiveCfg = Release|Any CPU
		{850BBE89-26A1-49B1-8163-6EB492655658}.Release|Any CPU.Build.0 = Release|Any CPU
		{BF561FE6-9446-4C6B-BDF7-3B22166FF2A1}.Debug|Any CPU.ActiveCfg = Debug|Any CPU
		{BF561FE6-9446-4C6B-BDF7-3B22166FF2A1}.Debug|Any CPU.Build.0 = Debug|Any CPU
		{BF561FE6-9446-4C6B-BDF7-3B22166FF2A1}.Release|Any CPU.ActiveCfg = Release|Any CPU
		{BF561FE6-9446-4C6B-BDF7-3B22166FF2A1}.Release|Any CPU.Build.0 = Release|Any CPU
	EndGlobalSection
	GlobalSection(SolutionProperties) = preSolution
		HideSolutionNode = FALSE
	EndGlobalSection
	GlobalSection(ExtensibilityGlobals) = postSolution
		SolutionGuid = {8A393476-EFA1-4786-9D53-7ECCE46D45EB}
	EndGlobalSection
EndGlobal
